
Microsoft Visual Studio Solution File, Format Version 12.00
# Visual Studio Version 17
VisualStudioVersion = 17.9.34714.143
MinimumVisualStudioVersion = 10.0.40219.1
Project("{FAE04EC0-301F-11D3-BF4B-00C04F79EFBC}") = "Test1030", "Test1030.csproj", "{B1D35DA3-3BD7-4EF8-9EB6-28969A7C42C6}"
EndProject
Global
	GlobalSection(SolutionConfigurationPlatforms) = preSolution
		Debug|Any CPU = Debug|Any CPU
		Release|Any CPU = Release|Any CPU
	EndGlobalSection
	GlobalSection(ProjectConfigurationPlatforms) = postSolution
		{B1D35DA3-3BD7-4EF8-9EB6-28969A7C42C6}.Debug|Any CPU.ActiveCfg = Debug|Any CPU
		{B1D35DA3-3BD7-4EF8-9EB6-28969A7C42C6}.Debug|Any CPU.Build.0 = Debug|Any CPU
		{B1D35DA3-3BD7-4EF8-9EB6-28969A7C42C6}.Release|Any CPU.ActiveCfg = Release|Any CPU
		{B1D35DA3-3BD7-4EF8-9EB6-28969A7C42C6}.Release|Any CPU.Build.0 = Release|Any CPU
	EndGlobalSection
	GlobalSection(SolutionProperties) = preSolution
		HideSolutionNode = FALSE
	EndGlobalSection
	GlobalSection(ExtensibilityGlobals) = postSolution
		SolutionGuid = {0AAF635D-ADAA-44A7-B98D-E6A48196637A}
	EndGlobalSection
EndGlobal
